{
  "name": "@grainulation/silo",
  "version": "1.2.1",
  "lockfileVersion": 3,
  "requires": true,
  "packages": {
    "": {
      "name": "@grainulation/silo",
      "version": "1.2.1",
      "license": "MIT",
      "dependencies": {
        "@grainulation/barn": "^1.2.0"
      },
      "bin": {
        "silo": "bin/silo.js"
      },
      "engines": {
        "node": ">=20"
      }
    },
    "node_modules/@grainulation/barn": {
      "version": "1.2.0",
      "resolved": "https://registry.npmjs.org/@grainulation/barn/-/barn-1.2.0.tgz",
      "integrity": "sha512-DsRq5YyCxsYX+jSPaNOWLJHuf/HcgwydqRHNApSZt8s2+PVhb8t1+VNyFxs7u4Ujgo51Dd58ZiFsKt1Q/wLhQg==",
      "license": "MIT",
      "bin": {
        "barn": "bin/barn.js"
      },
      "engines": {
        "node": ">=20"
      }
    }
  }
}
