{
  "name": "@grainulation/silo",
  "version": "1.2.3",
  "lockfileVersion": 3,
  "requires": true,
  "packages": {
    "": {
      "name": "@grainulation/silo",
      "version": "1.2.3",
      "license": "MIT",
      "dependencies": {
        "@grainulation/barn": "^1.3.0"
      },
      "bin": {
        "silo": "bin/silo.js"
      },
      "engines": {
        "node": ">=20"
      }
    },
    "node_modules/@grainulation/barn": {
      "version": "1.3.0",
      "resolved": "https://registry.npmjs.org/@grainulation/barn/-/barn-1.3.0.tgz",
      "integrity": "sha512-ZW6rUv6OQzQodQBtHMPcNViIJ6tyjXCTAvTaQunNp1wOQ/obRudqhboDYKBcQyQediGl9GG0WAD7UjG3H9vwRw==",
      "license": "MIT",
      "bin": {
        "barn": "bin/barn.js"
      },
      "engines": {
        "node": ">=20"
      }
    }
  }
}
